# This file was autogenerated by Stack.
# You should not edit this file by hand.
# For more information, please see the documentation at:
#   https://docs.haskellstack.org/en/stable/lock_files

packages:
- completed:
    hackage: network-3.0.1.0@sha256:4a93d0791085e66943df029c5498a73ab415697d18b2d2462a19619f81874ef9,4099
    pantry-tree:
      size: 3296
      sha256: 52a25f603e2523c48ef5fb0d8a9eef18cd66d287a863308fe0254dfe08472dde
  original:
    hackage: network-3.0.1.0@sha256:4a93d0791085e66943df029c5498a73ab415697d18b2d2462a19619f81874ef9
snapshots:
- completed:
    size: 496647
    url: https://raw.githubusercontent.com/commercialhaskell/stackage-snapshots/master/lts/13/13.yaml
    sha256: 9b6d3d0574b5059b411f64730960ad994df84e1cfe33b1931bf5fa2eafb1ff91
  original: lts-13.13
